
Microsoft Visual Studio Solution File, Format Version 12.00
# Visual Studio Version 17
VisualStudioVersion = 17.10.35013.160
MinimumVisualStudioVersion = 10.0.40219.1
Project("{FAE04EC0-301F-11D3-BF4B-00C04F79EFBC}") = "CleanArc.Domain", "CleanArc.Domain\CleanArc.Domain.csproj", "{1FC81931-6A50-480C-BDD7-E9959456B9D4}"
EndProject
Global
	GlobalSection(SolutionConfigurationPlatforms) = preSolution
		Debug|Any CPU = Debug|Any CPU
		Release|Any CPU = Release|Any CPU
	EndGlobalSection
	GlobalSection(ProjectConfigurationPlatforms) = postSolution
		{1FC81931-6A50-480C-BDD7-E9959456B9D4}.Debug|Any CPU.ActiveCfg = Debug|Any CPU
		{1FC81931-6A50-480C-BDD7-E9959456B9D4}.Debug|Any CPU.Build.0 = Debug|Any CPU
		{1FC81931-6A50-480C-BDD7-E9959456B9D4}.Release|Any CPU.ActiveCfg = Release|Any CPU
		{1FC81931-6A50-480C-BDD7-E9959456B9D4}.Release|Any CPU.Build.0 = Release|Any CPU
	EndGlobalSection
	GlobalSection(SolutionProperties) = preSolution
		HideSolutionNode = FALSE
	EndGlobalSection
	GlobalSection(ExtensibilityGlobals) = postSolution
		SolutionGuid = {D1778375-6053-4AF0-A2DB-6D099E7AFF32}
	EndGlobalSection
EndGlobal
